// !$*UTF8*$!
{
	archiveVersion = 1;
	classes = {
	};
	objectVersion = 55;
	objects = {

/* Begin PBXBuildFile section */
		1D3C57BF29C9E76000EDFF0D /* NetworkManager.swift in Sources */ = {isa = PBXBuildFile; fileRef = 1D3C57BE29C9E76000EDFF0D /* NetworkManager.swift */; };
		1D3C57C229C9E8AC00EDFF0D /* PlayersViewController.swift in Sources */ = {isa = PBXBuildFile; fileRef = 1D3C57C129C9E8AC00EDFF0D /* PlayersViewController.swift */; };
		1D3C57CE29CA00D400EDFF0D /* Players.swift in Sources */ = {isa = PBXBuildFile; fileRef = 1D3C57CD29CA00D400EDFF0D /* Players.swift */; };
		1D3C57D029CA00F700EDFF0D /* Team_name_translations.swift in Sources */ = {isa = PBXBuildFile; fileRef = 1D3C57CF29CA00F700EDFF0D /* Team_name_translations.swift */; };
		1D3C57D229CA00F800EDFF0D /* Ability.swift in Sources */ = {isa = PBXBuildFile; fileRef = 1D3C57D129CA00F800EDFF0D /* Ability.swift */; };
		1D3C57D429CA00FB00EDFF0D /* Characteristics.swift in Sources */ = {isa = PBXBuildFile; fileRef = 1D3C57D329CA00FB00EDFF0D /* Characteristics.swift */; };
		1D3C57D629CA00FD00EDFF0D /* Name_translations.swift in Sources */ = {isa = PBXBuildFile; fileRef = 1D3C57D529CA00FD00EDFF0D /* Name_translations.swift */; };
		1D3C57D829CA00FF00EDFF0D /* Negative.swift in Sources */ = {isa = PBXBuildFile; fileRef = 1D3C57D729CA00FF00EDFF0D /* Negative.swift */; };
		1D3C57DA29CA010000EDFF0D /* PData.swift in Sources */ = {isa = PBXBuildFile; fileRef = 1D3C57D929CA010000EDFF0D /* PData.swift */; };
		1D3C57DC29CA010300EDFF0D /* Positive.swift in Sources */ = {isa = PBXBuildFile; fileRef = 1D3C57DB29CA010200EDFF0D /* Positive.swift */; };
		1D3C57E029CAC2A200EDFF0D /* PlayerCVCell.swift in Sources */ = {isa = PBXBuildFile; fileRef = 1D3C57DF29CAC2A200EDFF0D /* PlayerCVCell.swift */; };
		1D3C57E229CB24A800EDFF0D /* Extension.swift in Sources */ = {isa = PBXBuildFile; fileRef = 1D3C57E129CB24A800EDFF0D /* Extension.swift */; };
		1D3C57E429CB25A900EDFF0D /* PlayerTVCell.swift in Sources */ = {isa = PBXBuildFile; fileRef = 1D3C57E329CB25A900EDFF0D /* PlayerTVCell.swift */; };
		1D3C57E629CB438700EDFF0D /* PlayerDetailVC.swift in Sources */ = {isa = PBXBuildFile; fileRef = 1D3C57E529CB438700EDFF0D /* PlayerDetailVC.swift */; };
		1D3C57E829CB6A0E00EDFF0D /* playerdetail in Resources */ = {isa = PBXBuildFile; fileRef = 1D3C57E729CB6A0D00EDFF0D /* playerdetail */; };
		1D3C57EA29CB6B8C00EDFF0D /* PlayerDetail.swift in Sources */ = {isa = PBXBuildFile; fileRef = 1D3C57E929CB6B8C00EDFF0D /* PlayerDetail.swift */; };
		1D3C57EC29CB6BC000EDFF0D /* PlayerDat.swift in Sources */ = {isa = PBXBuildFile; fileRef = 1D3C57EB29CB6BC000EDFF0D /* PlayerDat.swift */; };
		1D3C57EE29CB6BC300EDFF0D /* Events.swift in Sources */ = {isa = PBXBuildFile; fileRef = 1D3C57ED29CB6BC300EDFF0D /* Events.swift */; };
		1D3C57F429CB6BCB00EDFF0D /* Medias.swift in Sources */ = {isa = PBXBuildFile; fileRef = 1D3C57F129CB6BCB00EDFF0D /* Medias.swift */; };
		1D3C57F529CB6BCB00EDFF0D /* Rating.swift in Sources */ = {isa = PBXBuildFile; fileRef = 1D3C57F329CB6BCB00EDFF0D /* Rating.swift */; };
		1D3C57F629CB6BCB00EDFF0D /* Matches.swift in Sources */ = {isa = PBXBuildFile; fileRef = 1D3C57F229CB6BCB00EDFF0D /* Matches.swift */; };
		1D3C57F729CB6BCB00EDFF0D /* Indicators.swift in Sources */ = {isa = PBXBuildFile; fileRef = 1D3C57F029CB6BCB00EDFF0D /* Indicators.swift */; };
		1D3C57F829CB6BCB00EDFF0D /* Statistics.swift in Sources */ = {isa = PBXBuildFile; fileRef = 1D3C57EF29CB6BCB00EDFF0D /* Statistics.swift */; };
		1D3C57FA29CD7BCD00EDFF0D /* PlayerDetailTVCell.swift in Sources */ = {isa = PBXBuildFile; fileRef = 1D3C57F929CD7BCD00EDFF0D /* PlayerDetailTVCell.swift */; };
		1D3C57FC29CDE7A000EDFF0D /* InfoCVCell.swift in Sources */ = {isa = PBXBuildFile; fileRef = 1D3C57FB29CDE7A000EDFF0D /* InfoCVCell.swift */; };
		1D3C57FE29CDFD2500EDFF0D /* LoadingView.swift in Sources */ = {isa = PBXBuildFile; fileRef = 1D3C57FD29CDFD2500EDFF0D /* LoadingView.swift */; };
		1D80107A29C9D65B00970B71 /* AppDelegate.swift in Sources */ = {isa = PBXBuildFile; fileRef = 1D80107929C9D65B00970B71 /* AppDelegate.swift */; };
		1D80107C29C9D65B00970B71 /* SceneDelegate.swift in Sources */ = {isa = PBXBuildFile; fileRef = 1D80107B29C9D65B00970B71 /* SceneDelegate.swift */; };
		1D80107E29C9D65B00970B71 /* ViewController.swift in Sources */ = {isa = PBXBuildFile; fileRef = 1D80107D29C9D65B00970B71 /* ViewController.swift */; };
		1D80108129C9D65B00970B71 /* Main.storyboard in Resources */ = {isa = PBXBuildFile; fileRef = 1D80107F29C9D65B00970B71 /* Main.storyboard */; };
		1D80108329C9D65D00970B71 /* Assets.xcassets in Resources */ = {isa = PBXBuildFile; fileRef = 1D80108229C9D65D00970B71 /* Assets.xcassets */; };
		1D80108629C9D65D00970B71 /* LaunchScreen.storyboard in Resources */ = {isa = PBXBuildFile; fileRef = 1D80108429C9D65D00970B71 /* LaunchScreen.storyboard */; };
		99F52158CF3CBD918789A772 /* Pods_GreatSports.framework in Frameworks */ = {isa = PBXBuildFile; fileRef = 127838C7159FDA73287485AF /* Pods_GreatSports.framework */; };
/* End PBXBuildFile section */

/* Begin PBXFileReference section */
		127838C7159FDA73287485AF /* Pods_GreatSports.framework */ = {isa = PBXFileReference; explicitFileType = wrapper.framework; includeInIndex = 0; path = Pods_GreatSports.framework; sourceTree = BUILT_PRODUCTS_DIR; };
		1D3C57BE29C9E76000EDFF0D /* NetworkManager.swift */ = {isa = PBXFileReference; lastKnownFileType = sourcecode.swift; path = NetworkManager.swift; sourceTree = "<group>"; };
		1D3C57C129C9E8AC00EDFF0D /* PlayersViewController.swift */ = {isa = PBXFileReference; lastKnownFileType = sourcecode.swift; path = PlayersViewController.swift; sourceTree = "<group>"; };
		1D3C57CD29CA00D400EDFF0D /* Players.swift */ = {isa = PBXFileReference; lastKnownFileType = sourcecode.swift; path = Players.swift; sourceTree = "<group>"; };
		1D3C57CF29CA00F700EDFF0D /* Team_name_translations.swift */ = {isa = PBXFileReference; lastKnownFileType = sourcecode.swift; path = Team_name_translations.swift; sourceTree = "<group>"; };
		1D3C57D129CA00F800EDFF0D /* Ability.swift */ = {isa = PBXFileReference; lastKnownFileType = sourcecode.swift; path = Ability.swift; sourceTree = "<group>"; };
		1D3C57D329CA00FB00EDFF0D /* Characteristics.swift */ = {isa = PBXFileReference; lastKnownFileType = sourcecode.swift; path = Characteristics.swift; sourceTree = "<group>"; };
		1D3C57D529CA00FD00EDFF0D /* Name_translations.swift */ = {isa = PBXFileReference; lastKnownFileType = sourcecode.swift; path = Name_translations.swift; sourceTree = "<group>"; };
		1D3C57D729CA00FF00EDFF0D /* Negative.swift */ = {isa = PBXFileReference; lastKnownFileType = sourcecode.swift; path = Negative.swift; sourceTree = "<group>"; };
		1D3C57D929CA010000EDFF0D /* PData.swift */ = {isa = PBXFileReference; lastKnownFileType = sourcecode.swift; path = PData.swift; sourceTree = "<group>"; };
		1D3C57DB29CA010200EDFF0D /* Positive.swift */ = {isa = PBXFileReference; lastKnownFileType = sourcecode.swift; path = Positive.swift; sourceTree = "<group>"; };
		1D3C57DF29CAC2A200EDFF0D /* PlayerCVCell.swift */ = {isa = PBXFileReference; lastKnownFileType = sourcecode.swift; path = PlayerCVCell.swift; sourceTree = "<group>"; };
		1D3C57E129CB24A800EDFF0D /* Extension.swift */ = {isa = PBXFileReference; lastKnownFileType = sourcecode.swift; path = Extension.swift; sourceTree = "<group>"; };
		1D3C57E329CB25A900EDFF0D /* PlayerTVCell.swift */ = {isa = PBXFileReference; lastKnownFileType = sourcecode.swift; path = PlayerTVCell.swift; sourceTree = "<group>"; };
		1D3C57E529CB438700EDFF0D /* PlayerDetailVC.swift */ = {isa = PBXFileReference; lastKnownFileType = sourcecode.swift; path = PlayerDetailVC.swift; sourceTree = "<group>"; };
		1D3C57E729CB6A0D00EDFF0D /* playerdetail */ = {isa = PBXFileReference; lastKnownFileType = folder; path = playerdetail; sourceTree = "<group>"; };
		1D3C57E929CB6B8C00EDFF0D /* PlayerDetail.swift */ = {isa = PBXFileReference; lastKnownFileType = sourcecode.swift; path = PlayerDetail.swift; sourceTree = "<group>"; };
		1D3C57EB29CB6BC000EDFF0D /* PlayerDat.swift */ = {isa = PBXFileReference; lastKnownFileType = sourcecode.swift; path = PlayerDat.swift; sourceTree = "<group>"; };
		1D3C57ED29CB6BC300EDFF0D /* Events.swift */ = {isa = PBXFileReference; lastKnownFileType = sourcecode.swift; path = Events.swift; sourceTree = "<group>"; };
		1D3C57EF29CB6BCB00EDFF0D /* Statistics.swift */ = {isa = PBXFileReference; lastKnownFileType = sourcecode.swift; path = Statistics.swift; sourceTree = "<group>"; };
		1D3C57F029CB6BCB00EDFF0D /* Indicators.swift */ = {isa = PBXFileReference; lastKnownFileType = sourcecode.swift; path = Indicators.swift; sourceTree = "<group>"; };
		1D3C57F129CB6BCB00EDFF0D /* Medias.swift */ = {isa = PBXFileReference; lastKnownFileType = sourcecode.swift; path = Medias.swift; sourceTree = "<group>"; };
		1D3C57F229CB6BCB00EDFF0D /* Matches.swift */ = {isa = PBXFileReference; lastKnownFileType = sourcecode.swift; path = Matches.swift; sourceTree = "<group>"; };
		1D3C57F329CB6BCB00EDFF0D /* Rating.swift */ = {isa = PBXFileReference; lastKnownFileType = sourcecode.swift; path = Rating.swift; sourceTree = "<group>"; };
		1D3C57F929CD7BCD00EDFF0D /* PlayerDetailTVCell.swift */ = {isa = PBXFileReference; lastKnownFileType = sourcecode.swift; path = PlayerDetailTVCell.swift; sourceTree = "<group>"; };
		1D3C57FB29CDE7A000EDFF0D /* InfoCVCell.swift */ = {isa = PBXFileReference; lastKnownFileType = sourcecode.swift; path = InfoCVCell.swift; sourceTree = "<group>"; };
		1D3C57FD29CDFD2500EDFF0D /* LoadingView.swift */ = {isa = PBXFileReference; lastKnownFileType = sourcecode.swift; path = LoadingView.swift; sourceTree = "<group>"; };
		1D80107629C9D65B00970B71 /* GreatSports.app */ = {isa = PBXFileReference; explicitFileType = wrapper.application; includeInIndex = 0; path = GreatSports.app; sourceTree = BUILT_PRODUCTS_DIR; };
		1D80107929C9D65B00970B71 /* AppDelegate.swift */ = {isa = PBXFileReference; lastKnownFileType = sourcecode.swift; path = AppDelegate.swift; sourceTree = "<group>"; };
		1D80107B29C9D65B00970B71 /* SceneDelegate.swift */ = {isa = PBXFileReference; lastKnownFileType = sourcecode.swift; path = SceneDelegate.swift; sourceTree = "<group>"; };
		1D80107D29C9D65B00970B71 /* ViewController.swift */ = {isa = PBXFileReference; lastKnownFileType = sourcecode.swift; path = ViewController.swift; sourceTree = "<group>"; };
		1D80108029C9D65B00970B71 /* Base */ = {isa = PBXFileReference; lastKnownFileType = file.storyboard; name = Base; path = Base.lproj/Main.storyboard; sourceTree = "<group>"; };
		1D80108229C9D65D00970B71 /* Assets.xcassets */ = {isa = PBXFileReference; lastKnownFileType = folder.assetcatalog; path = Assets.xcassets; sourceTree = "<group>"; };
		1D80108529C9D65D00970B71 /* Base */ = {isa = PBXFileReference; lastKnownFileType = file.storyboard; name = Base; path = Base.lproj/LaunchScreen.storyboard; sourceTree = "<group>"; };
		1D80108729C9D65D00970B71 /* Info.plist */ = {isa = PBXFileReference; lastKnownFileType = text.plist.xml; path = Info.plist; sourceTree = "<group>"; };
		AB990A7F33392895917AC80A /* Pods-GreatSports.release.xcconfig */ = {isa = PBXFileReference; includeInIndex = 1; lastKnownFileType = text.xcconfig; name = "Pods-GreatSports.release.xcconfig"; path = "Target Support Files/Pods-GreatSports/Pods-GreatSports.release.xcconfig"; sourceTree = "<group>"; };
		BAD20AF020777C1171FE65CB /* Pods-GreatSports.debug.xcconfig */ = {isa = PBXFileReference; includeInIndex = 1; lastKnownFileType = text.xcconfig; name = "Pods-GreatSports.debug.xcconfig"; path = "Target Support Files/Pods-GreatSports/Pods-GreatSports.debug.xcconfig"; sourceTree = "<group>"; };
/* End PBXFileReference section */

/* Begin PBXFrameworksBuildPhase section */
		1D80107329C9D65B00970B71 /* Frameworks */ = {
			isa = PBXFrameworksBuildPhase;
			buildActionMask = 2147483647;
			files = (
				99F52158CF3CBD918789A772 /* Pods_GreatSports.framework in Frameworks */,
			);
			runOnlyForDeploymentPostprocessing = 0;
		};
/* End PBXFrameworksBuildPhase section */

/* Begin PBXGroup section */
		1D3C57BD29C9E74600EDFF0D /* Helper */ = {
			isa = PBXGroup;
			children = (
				1D3C57BE29C9E76000EDFF0D /* NetworkManager.swift */,
				1D3C57E129CB24A800EDFF0D /* Extension.swift */,
				1D3C57FD29CDFD2500EDFF0D /* LoadingView.swift */,
			);
			path = Helper;
			sourceTree = "<group>";
		};
		1D3C57C029C9E88700EDFF0D /* ViewControllers */ = {
			isa = PBXGroup;
			children = (
				1D3C57DE29CAC27100EDFF0D /* cell */,
				1D3C57C129C9E8AC00EDFF0D /* PlayersViewController.swift */,
				1D3C57E529CB438700EDFF0D /* PlayerDetailVC.swift */,
			);
			path = ViewControllers;
			sourceTree = "<group>";
		};
		1D3C57C329C9EA7500EDFF0D /* Models */ = {
			isa = PBXGroup;
			children = (
				1D3C57E929CB6B8C00EDFF0D /* PlayerDetail.swift */,
				1D3C57EB29CB6BC000EDFF0D /* PlayerDat.swift */,
				1D3C57ED29CB6BC300EDFF0D /* Events.swift */,
				1D3C57F029CB6BCB00EDFF0D /* Indicators.swift */,
				1D3C57F229CB6BCB00EDFF0D /* Matches.swift */,
				1D3C57F129CB6BCB00EDFF0D /* Medias.swift */,
				1D3C57F329CB6BCB00EDFF0D /* Rating.swift */,
				1D3C57EF29CB6BCB00EDFF0D /* Statistics.swift */,
				1D3C57E729CB6A0D00EDFF0D /* playerdetail */,
				1D3C57DD29CA011700EDFF0D /* player */,
			);
			path = Models;
			sourceTree = "<group>";
		};
		1D3C57DD29CA011700EDFF0D /* player */ = {
			isa = PBXGroup;
			children = (
				1D3C57CF29CA00F700EDFF0D /* Team_name_translations.swift */,
				1D3C57D129CA00F800EDFF0D /* Ability.swift */,
				1D3C57D329CA00FB00EDFF0D /* Characteristics.swift */,
				1D3C57D529CA00FD00EDFF0D /* Name_translations.swift */,
				1D3C57D729CA00FF00EDFF0D /* Negative.swift */,
				1D3C57D929CA010000EDFF0D /* PData.swift */,
				1D3C57DB29CA010200EDFF0D /* Positive.swift */,
				1D3C57CD29CA00D400EDFF0D /* Players.swift */,
			);
			path = player;
			sourceTree = "<group>";
		};
		1D3C57DE29CAC27100EDFF0D /* cell */ = {
			isa = PBXGroup;
			children = (
				1D3C57DF29CAC2A200EDFF0D /* PlayerCVCell.swift */,
				1D3C57FB29CDE7A000EDFF0D /* InfoCVCell.swift */,
				1D3C57E329CB25A900EDFF0D /* PlayerTVCell.swift */,
				1D3C57F929CD7BCD00EDFF0D /* PlayerDetailTVCell.swift */,
			);
			path = cell;
			sourceTree = "<group>";
		};
		1D80106D29C9D65B00970B71 = {
			isa = PBXGroup;
			children = (
				1D80107829C9D65B00970B71 /* GreatSports */,
				1D80107729C9D65B00970B71 /* Products */,
				A9E697D0B25DF4E5944F4CDB /* Pods */,
				99372159D93D839900E25160 /* Frameworks */,
			);
			sourceTree = "<group>";
		};
		1D80107729C9D65B00970B71 /* Products */ = {
			isa = PBXGroup;
			children = (
				1D80107629C9D65B00970B71 /* GreatSports.app */,
			);
			name = Products;
			sourceTree = "<group>";
		};
		1D80107829C9D65B00970B71 /* GreatSports */ = {
			isa = PBXGroup;
			children = (
				1D80107929C9D65B00970B71 /* AppDelegate.swift */,
				1D80107B29C9D65B00970B71 /* SceneDelegate.swift */,
				1D80107D29C9D65B00970B71 /* ViewController.swift */,
				1D3C57C329C9EA7500EDFF0D /* Models */,
				1D3C57C029C9E88700EDFF0D /* ViewControllers */,
				1D3C57BD29C9E74600EDFF0D /* Helper */,
				1D80107F29C9D65B00970B71 /* Main.storyboard */,
				1D80108229C9D65D00970B71 /* Assets.xcassets */,
				1D80108429C9D65D00970B71 /* LaunchScreen.storyboard */,
				1D80108729C9D65D00970B71 /* Info.plist */,
			);
			path = GreatSports;
			sourceTree = "<group>";
		};
		99372159D93D839900E25160 /* Frameworks */ = {
			isa = PBXGroup;
			children = (
				127838C7159FDA73287485AF /* Pods_GreatSports.framework */,
			);
			name = Frameworks;
			sourceTree = "<group>";
		};
		A9E697D0B25DF4E5944F4CDB /* Pods */ = {
			isa = PBXGroup;
			children = (
				BAD20AF020777C1171FE65CB /* Pods-GreatSports.debug.xcconfig */,
				AB990A7F33392895917AC80A /* Pods-GreatSports.release.xcconfig */,
			);
			path = Pods;
			sourceTree = "<group>";
		};
/* End PBXGroup section */

/* Begin PBXNativeTarget section */
		1D80107529C9D65B00970B71 /* GreatSports */ = {
			isa = PBXNativeTarget;
			buildConfigurationList = 1D80108A29C9D65D00970B71 /* Build configuration list for PBXNativeTarget "GreatSports" */;
			buildPhases = (
				E69B564F1D1A78B47FB3B572 /* [CP] Check Pods Manifest.lock */,
				1D80107229C9D65B00970B71 /* Sources */,
				1D80107329C9D65B00970B71 /* Frameworks */,
				1D80107429C9D65B00970B71 /* Resources */,
				6AF8C5B124102260FE232850 /* [CP] Embed Pods Frameworks */,
			);
			buildRules = (
			);
			dependencies = (
			);
			name = GreatSports;
			productName = GreatSports;
			productReference = 1D80107629C9D65B00970B71 /* GreatSports.app */;
			productType = "com.apple.product-type.application";
		};
/* End PBXNativeTarget section */

/* Begin PBXProject section */
		1D80106E29C9D65B00970B71 /* Project object */ = {
			isa = PBXProject;
			attributes = {
				BuildIndependentTargetsInParallel = 1;
				LastSwiftUpdateCheck = 1340;
				LastUpgradeCheck = 1340;
				TargetAttributes = {
					1D80107529C9D65B00970B71 = {
						CreatedOnToolsVersion = 13.4.1;
					};
				};
			};
			buildConfigurationList = 1D80107129C9D65B00970B71 /* Build configuration list for PBXProject "GreatSports" */;
			compatibilityVersion = "Xcode 13.0";
			developmentRegion = en;
			hasScannedForEncodings = 0;
			knownRegions = (
				en,
				Base,
			);
			mainGroup = 1D80106D29C9D65B00970B71;
			productRefGroup = 1D80107729C9D65B00970B71 /* Products */;
			projectDirPath = "";
			projectRoot = "";
			targets = (
				1D80107529C9D65B00970B71 /* GreatSports */,
			);
		};
/* End PBXProject section */

/* Begin PBXResourcesBuildPhase section */
		1D80107429C9D65B00970B71 /* Resources */ = {
			isa = PBXResourcesBuildPhase;
			buildActionMask = 2147483647;
			files = (
				1D3C57E829CB6A0E00EDFF0D /* playerdetail in Resources */,
				1D80108629C9D65D00970B71 /* LaunchScreen.storyboard in Resources */,
				1D80108329C9D65D00970B71 /* Assets.xcassets in Resources */,
				1D80108129C9D65B00970B71 /* Main.storyboard in Resources */,
			);
			runOnlyForDeploymentPostprocessing = 0;
		};
/* End PBXResourcesBuildPhase section */

/* Begin PBXShellScriptBuildPhase section */
		6AF8C5B124102260FE232850 /* [CP] Embed Pods Frameworks */ = {
			isa = PBXShellScriptBuildPhase;
			buildActionMask = 2147483647;
			files = (
			);
			inputFileListPaths = (
				"${PODS_ROOT}/Target Support Files/Pods-GreatSports/Pods-GreatSports-frameworks-${CONFIGURATION}-input-files.xcfilelist",
			);
			name = "[CP] Embed Pods Frameworks";
			outputFileListPaths = (
				"${PODS_ROOT}/Target Support Files/Pods-GreatSports/Pods-GreatSports-frameworks-${CONFIGURATION}-output-files.xcfilelist",
			);
			runOnlyForDeploymentPostprocessing = 0;
			shellPath = /bin/sh;
			shellScript = "\"${PODS_ROOT}/Target Support Files/Pods-GreatSports/Pods-GreatSports-frameworks.sh\"\n";
			showEnvVarsInLog = 0;
		};
		E69B564F1D1A78B47FB3B572 /* [CP] Check Pods Manifest.lock */ = {
			isa = PBXShellScriptBuildPhase;
			buildActionMask = 2147483647;
			files = (
			);
			inputFileListPaths = (
			);
			inputPaths = (
				"${PODS_PODFILE_DIR_PATH}/Podfile.lock",
				"${PODS_ROOT}/Manifest.lock",
			);
			name = "[CP] Check Pods Manifest.lock";
			outputFileListPaths = (
			);
			outputPaths = (
				"$(DERIVED_FILE_DIR)/Pods-GreatSports-checkManifestLockResult.txt",
			);
			runOnlyForDeploymentPostprocessing = 0;
			shellPath = /bin/sh;
			shellScript = "diff \"${PODS_PODFILE_DIR_PATH}/Podfile.lock\" \"${PODS_ROOT}/Manifest.lock\" > /dev/null\nif [ $? != 0 ] ; then\n    # print error to STDERR\n    echo \"error: The sandbox is not in sync with the Podfile.lock. Run 'pod install' or update your CocoaPods installation.\" >&2\n    exit 1\nfi\n# This output is used by Xcode 'outputs' to avoid re-running this script phase.\necho \"SUCCESS\" > \"${SCRIPT_OUTPUT_FILE_0}\"\n";
			showEnvVarsInLog = 0;
		};
/* End PBXShellScriptBuildPhase section */

/* Begin PBXSourcesBuildPhase section */
		1D80107229C9D65B00970B71 /* Sources */ = {
			isa = PBXSourcesBuildPhase;
			buildActionMask = 2147483647;
			files = (
				1D3C57E229CB24A800EDFF0D /* Extension.swift in Sources */,
				1D3C57DC29CA010300EDFF0D /* Positive.swift in Sources */,
				1D3C57DA29CA010000EDFF0D /* PData.swift in Sources */,
				1D3C57BF29C9E76000EDFF0D /* NetworkManager.swift in Sources */,
				1D3C57EE29CB6BC300EDFF0D /* Events.swift in Sources */,
				1D3C57FE29CDFD2500EDFF0D /* LoadingView.swift in Sources */,
				1D3C57E429CB25A900EDFF0D /* PlayerTVCell.swift in Sources */,
				1D80107E29C9D65B00970B71 /* ViewController.swift in Sources */,
				1D3C57CE29CA00D400EDFF0D /* Players.swift in Sources */,
				1D3C57D429CA00FB00EDFF0D /* Characteristics.swift in Sources */,
				1D3C57D829CA00FF00EDFF0D /* Negative.swift in Sources */,
				1D80107A29C9D65B00970B71 /* AppDelegate.swift in Sources */,
				1D3C57F729CB6BCB00EDFF0D /* Indicators.swift in Sources */,
				1D3C57D029CA00F700EDFF0D /* Team_name_translations.swift in Sources */,
				1D3C57EC29CB6BC000EDFF0D /* PlayerDat.swift in Sources */,
				1D3C57EA29CB6B8C00EDFF0D /* PlayerDetail.swift in Sources */,
				1D3C57FA29CD7BCD00EDFF0D /* PlayerDetailTVCell.swift in Sources */,
				1D3C57D629CA00FD00EDFF0D /* Name_translations.swift in Sources */,
				1D3C57C229C9E8AC00EDFF0D /* PlayersViewController.swift in Sources */,
				1D3C57F529CB6BCB00EDFF0D /* Rating.swift in Sources */,
				1D3C57F629CB6BCB00EDFF0D /* Matches.swift in Sources */,
				1D3C57D229CA00F800EDFF0D /* Ability.swift in Sources */,
				1D3C57FC29CDE7A000EDFF0D /* InfoCVCell.swift in Sources */,
				1D3C57E629CB438700EDFF0D /* PlayerDetailVC.swift in Sources */,
				1D80107C29C9D65B00970B71 /* SceneDelegate.swift in Sources */,
				1D3C57E029CAC2A200EDFF0D /* PlayerCVCell.swift in Sources */,
				1D3C57F829CB6BCB00EDFF0D /* Statistics.swift in Sources */,
				1D3C57F429CB6BCB00EDFF0D /* Medias.swift in Sources */,
			);
			runOnlyForDeploymentPostprocessing = 0;
		};
/* End PBXSourcesBuildPhase section */

/* Begin PBXVariantGroup section */
		1D80107F29C9D65B00970B71 /* Main.storyboard */ = {
			isa = PBXVariantGroup;
			children = (
				1D80108029C9D65B00970B71 /* Base */,
			);
			name = Main.storyboard;
			sourceTree = "<group>";
		};
		1D80108429C9D65D00970B71 /* LaunchScreen.storyboard */ = {
			isa = PBXVariantGroup;
			children = (
				1D80108529C9D65D00970B71 /* Base */,
			);
			name = LaunchScreen.storyboard;
			sourceTree = "<group>";
		};
/* End PBXVariantGroup section */

/* Begin XCBuildConfiguration section */
		1D80108829C9D65D00970B71 /* Debug */ = {
			isa = XCBuildConfiguration;
			buildSettings = {
				ALWAYS_SEARCH_USER_PATHS = NO;
				CLANG_ANALYZER_NONNULL = YES;
				CLANG_ANALYZER_NUMBER_OBJECT_CONVERSION = YES_AGGRESSIVE;
				CLANG_CXX_LANGUAGE_STANDARD = "gnu++17";
				CLANG_ENABLE_MODULES = YES;
				CLANG_ENABLE_OBJC_ARC = YES;
				CLANG_ENABLE_OBJC_WEAK = YES;
				CLANG_WARN_BLOCK_CAPTURE_AUTORELEASING = YES;
				CLANG_WARN_BOOL_CONVERSION = YES;
				CLANG_WARN_COMMA = YES;
				CLANG_WARN_CONSTANT_CONVERSION = YES;
				CLANG_WARN_DEPRECATED_OBJC_IMPLEMENTATIONS = YES;
				CLANG_WARN_DIRECT_OBJC_ISA_USAGE = YES_ERROR;
				CLANG_WARN_DOCUMENTATION_COMMENTS = YES;
				CLANG_WARN_EMPTY_BODY = YES;
				CLANG_WARN_ENUM_CONVERSION = YES;
				CLANG_WARN_INFINITE_RECURSION = YES;
				CLANG_WARN_INT_CONVERSION = YES;
				CLANG_WARN_NON_LITERAL_NULL_CONVERSION = YES;
				CLANG_WARN_OBJC_IMPLICIT_RETAIN_SELF = YES;
				CLANG_WARN_OBJC_LITERAL_CONVERSION = YES;
				CLANG_WARN_OBJC_ROOT_CLASS = YES_ERROR;
				CLANG_WARN_QUOTED_INCLUDE_IN_FRAMEWORK_HEADER = YES;
				CLANG_WARN_RANGE_LOOP_ANALYSIS = YES;
				CLANG_WARN_STRICT_PROTOTYPES = YES;
				CLANG_WARN_SUSPICIOUS_MOVE = YES;
				CLANG_WARN_UNGUARDED_AVAILABILITY = YES_AGGRESSIVE;
				CLANG_WARN_UNREACHABLE_CODE = YES;
				CLANG_WARN__DUPLICATE_METHOD_MATCH = YES;
				COPY_PHASE_STRIP = NO;
				DEBUG_INFORMATION_FORMAT = dwarf;
				ENABLE_STRICT_OBJC_MSGSEND = YES;
				ENABLE_TESTABILITY = YES;
				GCC_C_LANGUAGE_STANDARD = gnu11;
				GCC_DYNAMIC_NO_PIC = NO;
				GCC_NO_COMMON_BLOCKS = YES;
				GCC_OPTIMIZATION_LEVEL = 0;
				GCC_PREPROCESSOR_DEFINITIONS = (
					"DEBUG=1",
					"$(inherited)",
				);
				GCC_WARN_64_TO_32_BIT_CONVERSION = YES;
				GCC_WARN_ABOUT_RETURN_TYPE = YES_ERROR;
				GCC_WARN_UNDECLARED_SELECTOR = YES;
				GCC_WARN_UNINITIALIZED_AUTOS = YES_AGGRESSIVE;
				GCC_WARN_UNUSED_FUNCTION = YES;
				GCC_WARN_UNUSED_VARIABLE = YES;
				IPHONEOS_DEPLOYMENT_TARGET = 15.5;
				MTL_ENABLE_DEBUG_INFO = INCLUDE_SOURCE;
				MTL_FAST_MATH = YES;
				ONLY_ACTIVE_ARCH = YES;
				SDKROOT = iphoneos;
				SWIFT_ACTIVE_COMPILATION_CONDITIONS = DEBUG;
				SWIFT_OPTIMIZATION_LEVEL = "-Onone";
			};
			name = Debug;
		};
		1D80108929C9D65D00970B71 /* Release */ = {
			isa = XCBuildConfiguration;
			buildSettings = {
				ALWAYS_SEARCH_USER_PATHS = NO;
				CLANG_ANALYZER_NONNULL = YES;
				CLANG_ANALYZER_NUMBER_OBJECT_CONVERSION = YES_AGGRESSIVE;
				CLANG_CXX_LANGUAGE_STANDARD = "gnu++17";
				CLANG_ENABLE_MODULES = YES;
				CLANG_ENABLE_OBJC_ARC = YES;
				CLANG_ENABLE_OBJC_WEAK = YES;
				CLANG_WARN_BLOCK_CAPTURE_AUTORELEASING = YES;
				CLANG_WARN_BOOL_CONVERSION = YES;
				CLANG_WARN_COMMA = YES;
				CLANG_WARN_CONSTANT_CONVERSION = YES;
				CLANG_WARN_DEPRECATED_OBJC_IMPLEMENTATIONS = YES;
				CLANG_WARN_DIRECT_OBJC_ISA_USAGE = YES_ERROR;
				CLANG_WARN_DOCUMENTATION_COMMENTS = YES;
				CLANG_WARN_EMPTY_BODY = YES;
				CLANG_WARN_ENUM_CONVERSION = YES;
				CLANG_WARN_INFINITE_RECURSION = YES;
				CLANG_WARN_INT_CONVERSION = YES;
				CLANG_WARN_NON_LITERAL_NULL_CONVERSION = YES;
				CLANG_WARN_OBJC_IMPLICIT_RETAIN_SELF = YES;
				CLANG_WARN_OBJC_LITERAL_CONVERSION = YES;
				CLANG_WARN_OBJC_ROOT_CLASS = YES_ERROR;
				CLANG_WARN_QUOTED_INCLUDE_IN_FRAMEWORK_HEADER = YES;
				CLANG_WARN_RANGE_LOOP_ANALYSIS = YES;
				CLANG_WARN_STRICT_PROTOTYPES = YES;
				CLANG_WARN_SUSPICIOUS_MOVE = YES;
				CLANG_WARN_UNGUARDED_AVAILABILITY = YES_AGGRESSIVE;
				CLANG_WARN_UNREACHABLE_CODE = YES;
				CLANG_WARN__DUPLICATE_METHOD_MATCH = YES;
				COPY_PHASE_STRIP = NO;
				DEBUG_INFORMATION_FORMAT = "dwarf-with-dsym";
				ENABLE_NS_ASSERTIONS = NO;
				ENABLE_STRICT_OBJC_MSGSEND = YES;
				GCC_C_LANGUAGE_STANDARD = gnu11;
				GCC_NO_COMMON_BLOCKS = YES;
				GCC_WARN_64_TO_32_BIT_CONVERSION = YES;
				GCC_WARN_ABOUT_RETURN_TYPE = YES_ERROR;
				GCC_WARN_UNDECLARED_SELECTOR = YES;
				GCC_WARN_UNINITIALIZED_AUTOS = YES_AGGRESSIVE;
				GCC_WARN_UNUSED_FUNCTION = YES;
				GCC_WARN_UNUSED_VARIABLE = YES;
				IPHONEOS_DEPLOYMENT_TARGET = 15.5;
				MTL_ENABLE_DEBUG_INFO = NO;
				MTL_FAST_MATH = YES;
				SDKROOT = iphoneos;
				SWIFT_COMPILATION_MODE = wholemodule;
				SWIFT_OPTIMIZATION_LEVEL = "-O";
				VALIDATE_PRODUCT = YES;
			};
			name = Release;
		};
		1D80108B29C9D65D00970B71 /* Debug */ = {
			isa = XCBuildConfiguration;
			baseConfigurationReference = BAD20AF020777C1171FE65CB /* Pods-GreatSports.debug.xcconfig */;
			buildSettings = {
				ASSETCATALOG_COMPILER_APPICON_NAME = AppIcon;
				ASSETCATALOG_COMPILER_GLOBAL_ACCENT_COLOR_NAME = AccentColor;
				CODE_SIGN_STYLE = Automatic;
				CURRENT_PROJECT_VERSION = 1;
				GENERATE_INFOPLIST_FILE = YES;
				INFOPLIST_FILE = GreatSports/Info.plist;
				INFOPLIST_KEY_UIApplicationSupportsIndirectInputEvents = YES;
				INFOPLIST_KEY_UILaunchStoryboardName = LaunchScreen;
				INFOPLIST_KEY_UIMainStoryboardFile = Main;
				INFOPLIST_KEY_UISupportedInterfaceOrientations_iPad = "UIInterfaceOrientationPortrait UIInterfaceOrientationPortraitUpsideDown UIInterfaceOrientationLandscapeLeft UIInterfaceOrientationLandscapeRight";
				INFOPLIST_KEY_UISupportedInterfaceOrientations_iPhone = "UIInterfaceOrientationPortrait UIInterfaceOrientationLandscapeLeft UIInterfaceOrientationLandscapeRight";
				LD_RUNPATH_SEARCH_PATHS = (
					"$(inherited)",
					"@executable_path/Frameworks",
				);
				MARKETING_VERSION = 1.0;
				PRODUCT_BUNDLE_IDENTIFIER = com.Sample.GreatSports;
				PRODUCT_NAME = "$(TARGET_NAME)";
				SWIFT_EMIT_LOC_STRINGS = YES;
				SWIFT_VERSION = 5.0;
				TARGETED_DEVICE_FAMILY = "1,2";
			};
			name = Debug;
		};
		1D80108C29C9D65D00970B71 /* Release */ = {
			isa = XCBuildConfiguration;
			baseConfigurationReference = AB990A7F33392895917AC80A /* Pods-GreatSports.release.xcconfig */;
			buildSettings = {
				ASSETCATALOG_COMPILER_APPICON_NAME = AppIcon;
				ASSETCATALOG_COMPILER_GLOBAL_ACCENT_COLOR_NAME = AccentColor;
				CODE_SIGN_STYLE = Automatic;
				CURRENT_PROJECT_VERSION = 1;
				GENERATE_INFOPLIST_FILE = YES;
				INFOPLIST_FILE = GreatSports/Info.plist;
				INFOPLIST_KEY_UIApplicationSupportsIndirectInputEvents = YES;
				INFOPLIST_KEY_UILaunchStoryboardName = LaunchScreen;
				INFOPLIST_KEY_UIMainStoryboardFile = Main;
				INFOPLIST_KEY_UISupportedInterfaceOrientations_iPad = "UIInterfaceOrientationPortrait UIInterfaceOrientationPortraitUpsideDown UIInterfaceOrientationLandscapeLeft UIInterfaceOrientationLandscapeRight";
				INFOPLIST_KEY_UISupportedInterfaceOrientations_iPhone = "UIInterfaceOrientationPortrait UIInterfaceOrientationLandscapeLeft UIInterfaceOrientationLandscapeRight";
				LD_RUNPATH_SEARCH_PATHS = (
					"$(inherited)",
					"@executable_path/Frameworks",
				);
				MARKETING_VERSION = 1.0;
				PRODUCT_BUNDLE_IDENTIFIER = com.Sample.GreatSports;
				PRODUCT_NAME = "$(TARGET_NAME)";
				SWIFT_EMIT_LOC_STRINGS = YES;
				SWIFT_VERSION = 5.0;
				TARGETED_DEVICE_FAMILY = "1,2";
			};
			name = Release;
		};
/* End XCBuildConfiguration section */

/* Begin XCConfigurationList section */
		1D80107129C9D65B00970B71 /* Build configuration list for PBXProject "GreatSports" */ = {
			isa = XCConfigurationList;
			buildConfigurations = (
				1D80108829C9D65D00970B71 /* Debug */,
				1D80108929C9D65D00970B71 /* Release */,
			);
			defaultConfigurationIsVisible = 0;
			defaultConfigurationName = Release;
		};
		1D80108A29C9D65D00970B71 /* Build configuration list for PBXNativeTarget "GreatSports" */ = {
			isa = XCConfigurationList;
			buildConfigurations = (
				1D80108B29C9D65D00970B71 /* Debug */,
				1D80108C29C9D65D00970B71 /* Release */,
			);
			defaultConfigurationIsVisible = 0;
			defaultConfigurationName = Release;
		};
/* End XCConfigurationList section */
	};
	rootObject = 1D80106E29C9D65B00970B71 /* Project object */;
}
